
Microsoft Visual Studio Solution File, Format Version 12.00
# Visual Studio Version 17
VisualStudioVersion = 17.5.33516.290
MinimumVisualStudioVersion = 10.0.40219.1
Project("{8BC9CEB8-8B4A-11D0-8D11-00A0C91BC942}") = "sorting_algorithms", "sorting_algorithms.vcxproj", "{E1318BD0-42BD-4008-9355-7EBD4D48290D}"
EndProject
Global
	GlobalSection(SolutionConfigurationPlatforms) = preSolution
		Debug|x64 = Debug|x64
		Debug|x86 = Debug|x86
		Release|x64 = Release|x64
		Release|x86 = Release|x86
	EndGlobalSection
	GlobalSection(ProjectConfigurationPlatforms) = postSolution
		{E1318BD0-42BD-4008-9355-7EBD4D48290D}.Debug|x64.ActiveCfg = Debug|x64
		{E1318BD0-42BD-4008-9355-7EBD4D48290D}.Debug|x64.Build.0 = Debug|x64
		{E1318BD0-42BD-4008-9355-7EBD4D48290D}.Debug|x86.ActiveCfg = Debug|Win32
		{E1318BD0-42BD-4008-9355-7EBD4D48290D}.Debug|x86.Build.0 = Debug|Win32
		{E1318BD0-42BD-4008-9355-7EBD4D48290D}.Release|x64.ActiveCfg = Release|x64
		{E1318BD0-42BD-4008-9355-7EBD4D48290D}.Release|x64.Build.0 = Release|x64
		{E1318BD0-42BD-4008-9355-7EBD4D48290D}.Release|x86.ActiveCfg = Release|Win32
		{E1318BD0-42BD-4008-9355-7EBD4D48290D}.Release|x86.Build.0 = Release|Win32
	EndGlobalSection
	GlobalSection(SolutionProperties) = preSolution
		HideSolutionNode = FALSE
	EndGlobalSection
	GlobalSection(ExtensibilityGlobals) = postSolution
		SolutionGuid = {B81D16F5-1DFA-40DF-9213-62E23A89BC6B}
	EndGlobalSection
EndGlobal
